<?xml version="1.0" encoding="utf-8"?>
<Project ToolsVersion="4.0" xmlns="http://schemas.microsoft.com/developer/msbuild/2003">
  <ItemGroup>
    <ClCompile Include="Src\Precompiled.cpp" />
    <ClCompile Include="Src\NetworkUtil.cpp" />
    <ClCompile Include="Src\SocketAddress.cpp" />
    <ClCompile Include="Src\TCPSocket.cpp" />
    <ClCompile Include="Src\UDPSocket.cpp" />
    <ClCompile Include="Src\MemoryStream.cpp" />
    <ClCompile Include="Src\StreamWriter.cpp" />
    <ClCompile Include="Src\StreamReader.cpp" />
    <ClCompile Include="Src\LinkingContext.cpp" />
    <ClCompile Include="Src\ObjectFactory.cpp" />
  </ItemGroup>
  <ItemGroup>
    <ClInclude Include="Src\Precompiled.h" />
    <ClInclude Include="Inc\Common.h" />
    <ClInclude Include="Inc\NetworkUtil.h" />
    <ClInclude Include="Inc\Network.h" />
    <ClInclude Include="Inc\SocketAddress.h" />
    <ClInclude Include="Inc\TCPSocket.h" />
    <ClInclude Include="Inc\UDPSocket.h" />
    <ClInclude Include="Inc\MemoryStream.h" />
    <ClInclude Include="Inc\StreamWriter.h" />
    <ClInclude Include="Inc\StreamReader.h" />
    <ClInclude Include="Inc\LinkingContext.h" />
    <ClInclude Include="Inc\ObjectFactory.h" />
  </ItemGroup>
</Project>