
Microsoft Visual Studio Solution File, Format Version 12.00
# Visual Studio 15
VisualStudioVersion = 15.0.27004.2006
MinimumVisualStudioVersion = 10.0.40219.1
Project("{8BC9CEB8-8B4A-11D0-8D11-00A0C91BC942}") = "Core", "Core\Core.vcxproj", "{4911D530-4725-4DDB-921E-1AF6F10BEE65}"
EndProject
Project("{2150E333-8FDC-42A3-9474-1A3956D46DE8}") = "Engine", "Engine", "{B8E66790-B8F9-4F69-B9F3-4A9208D960C8}"
EndProject
Project("{2150E333-8FDC-42A3-9474-1A3956D46DE8}") = "App", "App", "{C208CE02-4808-44E2-9B68-3D464E1DB461}"
EndProject
Project("{8BC9CEB8-8B4A-11D0-8D11-00A0C91BC942}") = "HelloApplication", "HelloApplication\HelloApplication.vcxproj", "{F5C56CDC-C02F-457E-91D3-64BB3742CCC7}"
EndProject
Project("{8BC9CEB8-8B4A-11D0-8D11-00A0C91BC942}") = "Input", "Input\Input.vcxproj", "{422B1DF4-F1A4-4C64-BCDB-3F1BAAAAA768}"
EndProject
Project("{8BC9CEB8-8B4A-11D0-8D11-00A0C91BC942}") = "Graphics", "Graphics\Graphics.vcxproj", "{0671CA3A-BCA1-4561-935F-0519C579F6B6}"
EndProject
Project("{8BC9CEB8-8B4A-11D0-8D11-00A0C91BC942}") = "Math", "Math\Math.vcxproj", "{1D6E9C72-9B4E-4710-8FAB-6E6838A9F941}"
EndProject
Project("{8BC9CEB8-8B4A-11D0-8D11-00A0C91BC942}") = "HelloTriangle", "HelloTriangle\HelloTriangle.vcxproj", "{71871D15-6329-4067-8B48-0221D6F3A8A3}"
EndProject
Project("{8BC9CEB8-8B4A-11D0-8D11-00A0C91BC942}") = "HelloCube", "HelloCube\HelloCube.vcxproj", "{4629E145-8C60-4DC7-910B-F58AE4FE408F}"
EndProject
Project("{2150E333-8FDC-42A3-9474-1A3956D46DE8}") = "External", "External", "{BDE0E0FC-A376-4D22-8ED5-2F598506C307}"
EndProject
Project("{8BC9CEB8-8B4A-11D0-8D11-00A0C91BC942}") = "HelloTexture", "HelloTexture\HelloTexture.vcxproj", "{084A165A-F743-4A3C-B017-D38A10A1522F}"
EndProject
Project("{8BC9CEB8-8B4A-11D0-8D11-00A0C91BC942}") = "HelloTerrain", "HelloTerrain\HelloTerrain.vcxproj", "{717B0BBE-784D-46AF-AB99-E72B04DF5559}"
EndProject
Project("{8BC9CEB8-8B4A-11D0-8D11-00A0C91BC942}") = "DirectXTK_Desktop_2017", "External\DirectXTK\DirectXTK_Desktop_2017.vcxproj", "{3F9426FC-5677-4FFB-A83F-8FA7F70B078E}"
EndProject
Project("{8BC9CEB8-8B4A-11D0-8D11-00A0C91BC942}") = "HelloLighting", "HelloLighting\HelloLighting.vcxproj", "{01BFA3C7-31F8-48A0-A740-AF1F8154263E}"
EndProject
Project("{8BC9CEB8-8B4A-11D0-8D11-00A0C91BC942}") = "Physics", "Physics\Physics.vcxproj", "{54BA0672-EEC7-4EFF-BA3C-76E3B5615646}"
EndProject
Project("{8BC9CEB8-8B4A-11D0-8D11-00A0C91BC942}") = "ModelImporter", "Tools\ModelImporter\ModelImporter.vcxproj", "{9EA8F97E-DA22-4026-9CC8-C497B73B0B2E}"
EndProject
Project("{8BC9CEB8-8B4A-11D0-8D11-00A0C91BC942}") = "HelloAnimatedModel", "HelloAnimatedModel\HelloAnimatedModel.vcxproj", "{BABCB298-7567-45DC-9746-5F3A497FB66A}"
EndProject
Project("{8BC9CEB8-8B4A-11D0-8D11-00A0C91BC942}") = "HelloAnimation", "HelloAnimation\HelloAnimation.vcxproj", "{BC64A43E-7A58-43E0-875F-79515AD971A9}"
EndProject
Project("{8BC9CEB8-8B4A-11D0-8D11-00A0C91BC942}") = "HelloDarkness", "HelloDarkness\HelloDarkness.vcxproj", "{FF243870-C319-40CA-A4C7-D8F3461F0250}"
EndProject
Project("{8BC9CEB8-8B4A-11D0-8D11-00A0C91BC942}") = "HelloDucker", "HelloDucker\HelloDucker.vcxproj", "{8E71A5D6-74BC-4EC8-8421-195190377CD5}"
EndProject
Project("{8BC9CEB8-8B4A-11D0-8D11-00A0C91BC942}") = "HelloPhysics", "HelloPhysics\HelloPhysics.vcxproj", "{C3B21A5D-2401-48B7-87F1-BD6499DA834C}"
EndProject
Project("{8BC9CEB8-8B4A-11D0-8D11-00A0C91BC942}") = "HelloPostProcess", "HelloPostProcess\HelloPostProcess.vcxproj", "{B0A69FDA-0D94-44A8-AD79-A700B5B6759A}"
EndProject
Project("{8BC9CEB8-8B4A-11D0-8D11-00A0C91BC942}") = "HelloRobotArm", "HelloRobotArm\HelloRobotArm.vcxproj", "{78EFD5D4-7409-4FA3-9626-18D5EF6B21D1}"
EndProject
Project("{2150E333-8FDC-42A3-9474-1A3956D46DE8}") = "Tools", "Tools", "{1304AAE7-8633-4743-952A-24F181235AAA}"
EndProject
Project("{8BC9CEB8-8B4A-11D0-8D11-00A0C91BC942}") = "DirectXTKAudio_Desktop_2017_Win8", "External\DirectXTK\Audio\DirectXTKAudio_Desktop_2017_Win8.vcxproj", "{4F150A30-CECB-49D1-8283-6A3F57438CF5}"
EndProject
Project("{8BC9CEB8-8B4A-11D0-8D11-00A0C91BC942}") = "AudioDirectX", "AudioDirectX\AudioDirectX.vcxproj", "{DF2F6714-F4B3-4847-B4EB-7F448C2FC54B}"
EndProject
Project("{8BC9CEB8-8B4A-11D0-8D11-00A0C91BC942}") = "HelloAudio", "HelloAudio\HelloAudio.vcxproj", "{7B63A1C4-BD56-445E-AC51-F6AE60EFCAE2}"
EndProject
Project("{8BC9CEB8-8B4A-11D0-8D11-00A0C91BC942}") = "AudioFMOD", "AudioFMOD\AudioFMOD.vcxproj", "{033D57DB-F03F-4552-A7F1-28CDF95FFD78}"
EndProject
Project("{8BC9CEB8-8B4A-11D0-8D11-00A0C91BC942}") = "HelloAudioFMOD", "HelloAudioFMOD\HelloAudioFMOD.vcxproj", "{59AB179C-CB7B-423B-887B-E37AEAC897E8}"
EndProject
Global
	GlobalSection(SolutionConfigurationPlatforms) = preSolution
		Debug|x64 = Debug|x64
		Debug|x86 = Debug|x86
		Release|x64 = Release|x64
		Release|x86 = Release|x86
	EndGlobalSection
	GlobalSection(ProjectConfigurationPlatforms) = postSolution
		{4911D530-4725-4DDB-921E-1AF6F10BEE65}.Debug|x64.ActiveCfg = Debug|x64
		{4911D530-4725-4DDB-921E-1AF6F10BEE65}.Debug|x64.Build.0 = Debug|x64
		{4911D530-4725-4DDB-921E-1AF6F10BEE65}.Debug|x86.ActiveCfg = Debug|Win32
		{4911D530-4725-4DDB-921E-1AF6F10BEE65}.Debug|x86.Build.0 = Debug|Win32
		{4911D530-4725-4DDB-921E-1AF6F10BEE65}.Release|x64.ActiveCfg = Release|x64
		{4911D530-4725-4DDB-921E-1AF6F10BEE65}.Release|x64.Build.0 = Release|x64
		{4911D530-4725-4DDB-921E-1AF6F10BEE65}.Release|x86.ActiveCfg = Release|Win32
		{4911D530-4725-4DDB-921E-1AF6F10BEE65}.Release|x86.Build.0 = Release|Win32
		{F5C56CDC-C02F-457E-91D3-64BB3742CCC7}.Debug|x64.ActiveCfg = Debug|x64
		{F5C56CDC-C02F-457E-91D3-64BB3742CCC7}.Debug|x64.Build.0 = Debug|x64
		{F5C56CDC-C02F-457E-91D3-64BB3742CCC7}.Debug|x86.ActiveCfg = Debug|Win32
		{F5C56CDC-C02F-457E-91D3-64BB3742CCC7}.Debug|x86.Build.0 = Debug|Win32
		{F5C56CDC-C02F-457E-91D3-64BB3742CCC7}.Release|x64.ActiveCfg = Release|x64
		{F5C56CDC-C02F-457E-91D3-64BB3742CCC7}.Release|x64.Build.0 = Release|x64
		{F5C56CDC-C02F-457E-91D3-64BB3742CCC7}.Release|x86.ActiveCfg = Release|Win32
		{F5C56CDC-C02F-457E-91D3-64BB3742CCC7}.Release|x86.Build.0 = Release|Win32
		{422B1DF4-F1A4-4C64-BCDB-3F1BAAAAA768}.Debug|x64.ActiveCfg = Debug|Win32
		{422B1DF4-F1A4-4C64-BCDB-3F1BAAAAA768}.Debug|x86.ActiveCfg = Debug|Win32
		{422B1DF4-F1A4-4C64-BCDB-3F1BAAAAA768}.Debug|x86.Build.0 = Debug|Win32
		{422B1DF4-F1A4-4C64-BCDB-3F1BAAAAA768}.Release|x64.ActiveCfg = Release|Win32
		{422B1DF4-F1A4-4C64-BCDB-3F1BAAAAA768}.Release|x86.ActiveCfg = Release|Win32
		{422B1DF4-F1A4-4C64-BCDB-3F1BAAAAA768}.Release|x86.Build.0 = Release|Win32
		{0671CA3A-BCA1-4561-935F-0519C579F6B6}.Debug|x64.ActiveCfg = Debug|x64
		{0671CA3A-BCA1-4561-935F-0519C579F6B6}.Debug|x64.Build.0 = Debug|x64
		{0671CA3A-BCA1-4561-935F-0519C579F6B6}.Debug|x86.ActiveCfg = Debug|Win32
		{0671CA3A-BCA1-4561-935F-0519C579F6B6}.Debug|x86.Build.0 = Debug|Win32
		{0671CA3A-BCA1-4561-935F-0519C579F6B6}.Release|x64.ActiveCfg = Release|x64
		{0671CA3A-BCA1-4561-935F-0519C579F6B6}.Release|x64.Build.0 = Release|x64
		{0671CA3A-BCA1-4561-935F-0519C579F6B6}.Release|x86.ActiveCfg = Release|Win32
		{0671CA3A-BCA1-4561-935F-0519C579F6B6}.Release|x86.Build.0 = Release|Win32
		{1D6E9C72-9B4E-4710-8FAB-6E6838A9F941}.Debug|x64.ActiveCfg = Debug|x64
		{1D6E9C72-9B4E-4710-8FAB-6E6838A9F941}.Debug|x64.Build.0 = Debug|x64
		{1D6E9C72-9B4E-4710-8FAB-6E6838A9F941}.Debug|x86.ActiveCfg = Debug|Win32
		{1D6E9C72-9B4E-4710-8FAB-6E6838A9F941}.Debug|x86.Build.0 = Debug|Win32
		{1D6E9C72-9B4E-4710-8FAB-6E6838A9F941}.Release|x64.ActiveCfg = Release|x64
		{1D6E9C72-9B4E-4710-8FAB-6E6838A9F941}.Release|x64.Build.0 = Release|x64
		{1D6E9C72-9B4E-4710-8FAB-6E6838A9F941}.Release|x86.ActiveCfg = Release|Win32
		{1D6E9C72-9B4E-4710-8FAB-6E6838A9F941}.Release|x86.Build.0 = Release|Win32
		{71871D15-6329-4067-8B48-0221D6F3A8A3}.Debug|x64.ActiveCfg = Debug|x64
		{71871D15-6329-4067-8B48-0221D6F3A8A3}.Debug|x64.Build.0 = Debug|x64
		{71871D15-6329-4067-8B48-0221D6F3A8A3}.Debug|x86.ActiveCfg = Debug|Win32
		{71871D15-6329-4067-8B48-0221D6F3A8A3}.Debug|x86.Build.0 = Debug|Win32
		{71871D15-6329-4067-8B48-0221D6F3A8A3}.Release|x64.ActiveCfg = Release|x64
		{71871D15-6329-4067-8B48-0221D6F3A8A3}.Release|x64.Build.0 = Release|x64
		{71871D15-6329-4067-8B48-0221D6F3A8A3}.Release|x86.ActiveCfg = Release|Win32
		{71871D15-6329-4067-8B48-0221D6F3A8A3}.Release|x86.Build.0 = Release|Win32
		{4629E145-8C60-4DC7-910B-F58AE4FE408F}.Debug|x64.ActiveCfg = Debug|x64
		{4629E145-8C60-4DC7-910B-F58AE4FE408F}.Debug|x64.Build.0 = Debug|x64
		{4629E145-8C60-4DC7-910B-F58AE4FE408F}.Debug|x86.ActiveCfg = Debug|Win32
		{4629E145-8C60-4DC7-910B-F58AE4FE408F}.Debug|x86.Build.0 = Debug|Win32
		{4629E145-8C60-4DC7-910B-F58AE4FE408F}.Release|x64.ActiveCfg = Release|x64
		{4629E145-8C60-4DC7-910B-F58AE4FE408F}.Release|x64.Build.0 = Release|x64
		{4629E145-8C60-4DC7-910B-F58AE4FE408F}.Release|x86.ActiveCfg = Release|Win32
		{4629E145-8C60-4DC7-910B-F58AE4FE408F}.Release|x86.Build.0 = Release|Win32
		{084A165A-F743-4A3C-B017-D38A10A1522F}.Debug|x64.ActiveCfg = Debug|x64
		{084A165A-F743-4A3C-B017-D38A10A1522F}.Debug|x64.Build.0 = Debug|x64
		{084A165A-F743-4A3C-B017-D38A10A1522F}.Debug|x86.ActiveCfg = Debug|Win32
		{084A165A-F743-4A3C-B017-D38A10A1522F}.Debug|x86.Build.0 = Debug|Win32
		{084A165A-F743-4A3C-B017-D38A10A1522F}.Release|x64.ActiveCfg = Release|x64
		{084A165A-F743-4A3C-B017-D38A10A1522F}.Release|x64.Build.0 = Release|x64
		{084A165A-F743-4A3C-B017-D38A10A1522F}.Release|x86.ActiveCfg = Release|Win32
		{084A165A-F743-4A3C-B017-D38A10A1522F}.Release|x86.Build.0 = Release|Win32
		{717B0BBE-784D-46AF-AB99-E72B04DF5559}.Debug|x64.ActiveCfg = Debug|x64
		{717B0BBE-784D-46AF-AB99-E72B04DF5559}.Debug|x64.Build.0 = Debug|x64
		{717B0BBE-784D-46AF-AB99-E72B04DF5559}.Debug|x86.ActiveCfg = Debug|Win32
		{717B0BBE-784D-46AF-AB99-E72B04DF5559}.Debug|x86.Build.0 = Debug|Win32
		{717B0BBE-784D-46AF-AB99-E72B04DF5559}.Release|x64.ActiveCfg = Release|x64
		{717B0BBE-784D-46AF-AB99-E72B04DF5559}.Release|x64.Build.0 = Release|x64
		{717B0BBE-784D-46AF-AB99-E72B04DF5559}.Release|x86.ActiveCfg = Release|Win32
		{717B0BBE-784D-46AF-AB99-E72B04DF5559}.Release|x86.Build.0 = Release|Win32
		{3F9426FC-5677-4FFB-A83F-8FA7F70B078E}.Debug|x64.ActiveCfg = Debug|x64
		{3F9426FC-5677-4FFB-A83F-8FA7F70B078E}.Debug|x64.Build.0 = Debug|x64
		{3F9426FC-5677-4FFB-A83F-8FA7F70B078E}.Debug|x86.ActiveCfg = Debug|Win32
		{3F9426FC-5677-4FFB-A83F-8FA7F70B078E}.Debug|x86.Build.0 = Debug|Win32
		{3F9426FC-5677-4FFB-A83F-8FA7F70B078E}.Release|x64.ActiveCfg = Release|x64
		{3F9426FC-5677-4FFB-A83F-8FA7F70B078E}.Release|x64.Build.0 = Release|x64
		{3F9426FC-5677-4FFB-A83F-8FA7F70B078E}.Release|x86.ActiveCfg = Release|Win32
		{3F9426FC-5677-4FFB-A83F-8FA7F70B078E}.Release|x86.Build.0 = Release|Win32
		{01BFA3C7-31F8-48A0-A740-AF1F8154263E}.Debug|x64.ActiveCfg = Debug|x64
		{01BFA3C7-31F8-48A0-A740-AF1F8154263E}.Debug|x64.Build.0 = Debug|x64
		{01BFA3C7-31F8-48A0-A740-AF1F8154263E}.Debug|x86.ActiveCfg = Debug|Win32
		{01BFA3C7-31F8-48A0-A740-AF1F8154263E}.Debug|x86.Build.0 = Debug|Win32
		{01BFA3C7-31F8-48A0-A740-AF1F8154263E}.Release|x64.ActiveCfg = Release|x64
		{01BFA3C7-31F8-48A0-A740-AF1F8154263E}.Release|x64.Build.0 = Release|x64
		{01BFA3C7-31F8-48A0-A740-AF1F8154263E}.Release|x86.ActiveCfg = Release|Win32
		{01BFA3C7-31F8-48A0-A740-AF1F8154263E}.Release|x86.Build.0 = Release|Win32
		{54BA0672-EEC7-4EFF-BA3C-76E3B5615646}.Debug|x64.ActiveCfg = Debug|x64
		{54BA0672-EEC7-4EFF-BA3C-76E3B5615646}.Debug|x64.Build.0 = Debug|x64
		{54BA0672-EEC7-4EFF-BA3C-76E3B5615646}.Debug|x86.ActiveCfg = Debug|Win32
		{54BA0672-EEC7-4EFF-BA3C-76E3B5615646}.Debug|x86.Build.0 = Debug|Win32
		{54BA0672-EEC7-4EFF-BA3C-76E3B5615646}.Release|x64.ActiveCfg = Release|x64
		{54BA0672-EEC7-4EFF-BA3C-76E3B5615646}.Release|x64.Build.0 = Release|x64
		{54BA0672-EEC7-4EFF-BA3C-76E3B5615646}.Release|x86.ActiveCfg = Release|Win32
		{54BA0672-EEC7-4EFF-BA3C-76E3B5615646}.Release|x86.Build.0 = Release|Win32
		{9EA8F97E-DA22-4026-9CC8-C497B73B0B2E}.Debug|x64.ActiveCfg = Debug|x64
		{9EA8F97E-DA22-4026-9CC8-C497B73B0B2E}.Debug|x64.Build.0 = Debug|x64
		{9EA8F97E-DA22-4026-9CC8-C497B73B0B2E}.Debug|x86.ActiveCfg = Debug|Win32
		{9EA8F97E-DA22-4026-9CC8-C497B73B0B2E}.Debug|x86.Build.0 = Debug|Win32
		{9EA8F97E-DA22-4026-9CC8-C497B73B0B2E}.Release|x64.ActiveCfg = Release|x64
		{9EA8F97E-DA22-4026-9CC8-C497B73B0B2E}.Release|x64.Build.0 = Release|x64
		{9EA8F97E-DA22-4026-9CC8-C497B73B0B2E}.Release|x86.ActiveCfg = Release|Win32
		{9EA8F97E-DA22-4026-9CC8-C497B73B0B2E}.Release|x86.Build.0 = Release|Win32
		{BABCB298-7567-45DC-9746-5F3A497FB66A}.Debug|x64.ActiveCfg = Debug|x64
		{BABCB298-7567-45DC-9746-5F3A497FB66A}.Debug|x64.Build.0 = Debug|x64
		{BABCB298-7567-45DC-9746-5F3A497FB66A}.Debug|x86.ActiveCfg = Debug|Win32
		{BABCB298-7567-45DC-9746-5F3A497FB66A}.Debug|x86.Build.0 = Debug|Win32
		{BABCB298-7567-45DC-9746-5F3A497FB66A}.Release|x64.ActiveCfg = Release|x64
		{BABCB298-7567-45DC-9746-5F3A497FB66A}.Release|x64.Build.0 = Release|x64
		{BABCB298-7567-45DC-9746-5F3A497FB66A}.Release|x86.ActiveCfg = Release|Win32
		{BABCB298-7567-45DC-9746-5F3A497FB66A}.Release|x86.Build.0 = Release|Win32
		{BC64A43E-7A58-43E0-875F-79515AD971A9}.Debug|x64.ActiveCfg = Debug|x64
		{BC64A43E-7A58-43E0-875F-79515AD971A9}.Debug|x64.Build.0 = Debug|x64
		{BC64A43E-7A58-43E0-875F-79515AD971A9}.Debug|x86.ActiveCfg = Debug|Win32
		{BC64A43E-7A58-43E0-875F-79515AD971A9}.Debug|x86.Build.0 = Debug|Win32
		{BC64A43E-7A58-43E0-875F-79515AD971A9}.Release|x64.ActiveCfg = Release|x64
		{BC64A43E-7A58-43E0-875F-79515AD971A9}.Release|x64.Build.0 = Release|x64
		{BC64A43E-7A58-43E0-875F-79515AD971A9}.Release|x86.ActiveCfg = Release|Win32
		{BC64A43E-7A58-43E0-875F-79515AD971A9}.Release|x86.Build.0 = Release|Win32
		{FF243870-C319-40CA-A4C7-D8F3461F0250}.Debug|x64.ActiveCfg = Debug|x64
		{FF243870-C319-40CA-A4C7-D8F3461F0250}.Debug|x64.Build.0 = Debug|x64
		{FF243870-C319-40CA-A4C7-D8F3461F0250}.Debug|x86.ActiveCfg = Debug|Win32
		{FF243870-C319-40CA-A4C7-D8F3461F0250}.Debug|x86.Build.0 = Debug|Win32
		{FF243870-C319-40CA-A4C7-D8F3461F0250}.Release|x64.ActiveCfg = Release|x64
		{FF243870-C319-40CA-A4C7-D8F3461F0250}.Release|x64.Build.0 = Release|x64
		{FF243870-C319-40CA-A4C7-D8F3461F0250}.Release|x86.ActiveCfg = Release|Win32
		{FF243870-C319-40CA-A4C7-D8F3461F0250}.Release|x86.Build.0 = Release|Win32
		{8E71A5D6-74BC-4EC8-8421-195190377CD5}.Debug|x64.ActiveCfg = Debug|x64
		{8E71A5D6-74BC-4EC8-8421-195190377CD5}.Debug|x64.Build.0 = Debug|x64
		{8E71A5D6-74BC-4EC8-8421-195190377CD5}.Debug|x86.ActiveCfg = Debug|Win32
		{8E71A5D6-74BC-4EC8-8421-195190377CD5}.Debug|x86.Build.0 = Debug|Win32
		{8E71A5D6-74BC-4EC8-8421-195190377CD5}.Release|x64.ActiveCfg = Release|x64
		{8E71A5D6-74BC-4EC8-8421-195190377CD5}.Release|x64.Build.0 = Release|x64
		{8E71A5D6-74BC-4EC8-8421-195190377CD5}.Release|x86.ActiveCfg = Release|Win32
		{8E71A5D6-74BC-4EC8-8421-195190377CD5}.Release|x86.Build.0 = Release|Win32
		{C3B21A5D-2401-48B7-87F1-BD6499DA834C}.Debug|x64.ActiveCfg = Debug|x64
		{C3B21A5D-2401-48B7-87F1-BD6499DA834C}.Debug|x64.Build.0 = Debug|x64
		{C3B21A5D-2401-48B7-87F1-BD6499DA834C}.Debug|x86.ActiveCfg = Debug|Win32
		{C3B21A5D-2401-48B7-87F1-BD6499DA834C}.Debug|x86.Build.0 = Debug|Win32
		{C3B21A5D-2401-48B7-87F1-BD6499DA834C}.Release|x64.ActiveCfg = Release|x64
		{C3B21A5D-2401-48B7-87F1-BD6499DA834C}.Release|x64.Build.0 = Release|x64
		{C3B21A5D-2401-48B7-87F1-BD6499DA834C}.Release|x86.ActiveCfg = Release|Win32
		{C3B21A5D-2401-48B7-87F1-BD6499DA834C}.Release|x86.Build.0 = Release|Win32
		{B0A69FDA-0D94-44A8-AD79-A700B5B6759A}.Debug|x64.ActiveCfg = Debug|x64
		{B0A69FDA-0D94-44A8-AD79-A700B5B6759A}.Debug|x64.Build.0 = Debug|x64
		{B0A69FDA-0D94-44A8-AD79-A700B5B6759A}.Debug|x86.ActiveCfg = Debug|Win32
		{B0A69FDA-0D94-44A8-AD79-A700B5B6759A}.Debug|x86.Build.0 = Debug|Win32
		{B0A69FDA-0D94-44A8-AD79-A700B5B6759A}.Release|x64.ActiveCfg = Release|x64
		{B0A69FDA-0D94-44A8-AD79-A700B5B6759A}.Release|x64.Build.0 = Release|x64
		{B0A69FDA-0D94-44A8-AD79-A700B5B6759A}.Release|x86.ActiveCfg = Release|Win32
		{B0A69FDA-0D94-44A8-AD79-A700B5B6759A}.Release|x86.Build.0 = Release|Win32
		{78EFD5D4-7409-4FA3-9626-18D5EF6B21D1}.Debug|x64.ActiveCfg = Debug|x64
		{78EFD5D4-7409-4FA3-9626-18D5EF6B21D1}.Debug|x64.Build.0 = Debug|x64
		{78EFD5D4-7409-4FA3-9626-18D5EF6B21D1}.Debug|x86.ActiveCfg = Debug|Win32
		{78EFD5D4-7409-4FA3-9626-18D5EF6B21D1}.Debug|x86.Build.0 = Debug|Win32
		{78EFD5D4-7409-4FA3-9626-18D5EF6B21D1}.Release|x64.ActiveCfg = Release|x64
		{78EFD5D4-7409-4FA3-9626-18D5EF6B21D1}.Release|x64.Build.0 = Release|x64
		{78EFD5D4-7409-4FA3-9626-18D5EF6B21D1}.Release|x86.ActiveCfg = Release|Win32
		{78EFD5D4-7409-4FA3-9626-18D5EF6B21D1}.Release|x86.Build.0 = Release|Win32
		{4F150A30-CECB-49D1-8283-6A3F57438CF5}.Debug|x64.ActiveCfg = Debug|x64
		{4F150A30-CECB-49D1-8283-6A3F57438CF5}.Debug|x64.Build.0 = Debug|x64
		{4F150A30-CECB-49D1-8283-6A3F57438CF5}.Debug|x86.ActiveCfg = Debug|Win32
		{4F150A30-CECB-49D1-8283-6A3F57438CF5}.Debug|x86.Build.0 = Debug|Win32
		{4F150A30-CECB-49D1-8283-6A3F57438CF5}.Release|x64.ActiveCfg = Release|x64
		{4F150A30-CECB-49D1-8283-6A3F57438CF5}.Release|x64.Build.0 = Release|x64
		{4F150A30-CECB-49D1-8283-6A3F57438CF5}.Release|x86.ActiveCfg = Release|Win32
		{4F150A30-CECB-49D1-8283-6A3F57438CF5}.Release|x86.Build.0 = Release|Win32
		{DF2F6714-F4B3-4847-B4EB-7F448C2FC54B}.Debug|x64.ActiveCfg = Debug|x64
		{DF2F6714-F4B3-4847-B4EB-7F448C2FC54B}.Debug|x64.Build.0 = Debug|x64
		{DF2F6714-F4B3-4847-B4EB-7F448C2FC54B}.Debug|x86.ActiveCfg = Debug|Win32
		{DF2F6714-F4B3-4847-B4EB-7F448C2FC54B}.Debug|x86.Build.0 = Debug|Win32
		{DF2F6714-F4B3-4847-B4EB-7F448C2FC54B}.Release|x64.ActiveCfg = Release|x64
		{DF2F6714-F4B3-4847-B4EB-7F448C2FC54B}.Release|x64.Build.0 = Release|x64
		{DF2F6714-F4B3-4847-B4EB-7F448C2FC54B}.Release|x86.ActiveCfg = Release|Win32
		{DF2F6714-F4B3-4847-B4EB-7F448C2FC54B}.Release|x86.Build.0 = Release|Win32
		{7B63A1C4-BD56-445E-AC51-F6AE60EFCAE2}.Debug|x64.ActiveCfg = Debug|x64
		{7B63A1C4-BD56-445E-AC51-F6AE60EFCAE2}.Debug|x64.Build.0 = Debug|x64
		{7B63A1C4-BD56-445E-AC51-F6AE60EFCAE2}.Debug|x86.ActiveCfg = Debug|Win32
		{7B63A1C4-BD56-445E-AC51-F6AE60EFCAE2}.Debug|x86.Build.0 = Debug|Win32
		{7B63A1C4-BD56-445E-AC51-F6AE60EFCAE2}.Release|x64.ActiveCfg = Release|x64
		{7B63A1C4-BD56-445E-AC51-F6AE60EFCAE2}.Release|x64.Build.0 = Release|x64
		{7B63A1C4-BD56-445E-AC51-F6AE60EFCAE2}.Release|x86.ActiveCfg = Release|Win32
		{7B63A1C4-BD56-445E-AC51-F6AE60EFCAE2}.Release|x86.Build.0 = Release|Win32
		{033D57DB-F03F-4552-A7F1-28CDF95FFD78}.Debug|x64.ActiveCfg = Debug|x64
		{033D57DB-F03F-4552-A7F1-28CDF95FFD78}.Debug|x64.Build.0 = Debug|x64
		{033D57DB-F03F-4552-A7F1-28CDF95FFD78}.Debug|x86.ActiveCfg = Debug|Win32
		{033D57DB-F03F-4552-A7F1-28CDF95FFD78}.Debug|x86.Build.0 = Debug|Win32
		{033D57DB-F03F-4552-A7F1-28CDF95FFD78}.Release|x64.ActiveCfg = Release|x64
		{033D57DB-F03F-4552-A7F1-28CDF95FFD78}.Release|x64.Build.0 = Release|x64
		{033D57DB-F03F-4552-A7F1-28CDF95FFD78}.Release|x86.ActiveCfg = Release|Win32
		{033D57DB-F03F-4552-A7F1-28CDF95FFD78}.Release|x86.Build.0 = Release|Win32
		{59AB179C-CB7B-423B-887B-E37AEAC897E8}.Debug|x64.ActiveCfg = Debug|x64
		{59AB179C-CB7B-423B-887B-E37AEAC897E8}.Debug|x64.Build.0 = Debug|x64
		{59AB179C-CB7B-423B-887B-E37AEAC897E8}.Debug|x86.ActiveCfg = Debug|Win32
		{59AB179C-CB7B-423B-887B-E37AEAC897E8}.Debug|x86.Build.0 = Debug|Win32
		{59AB179C-CB7B-423B-887B-E37AEAC897E8}.Release|x64.ActiveCfg = Release|x64
		{59AB179C-CB7B-423B-887B-E37AEAC897E8}.Release|x64.Build.0 = Release|x64
		{59AB179C-CB7B-423B-887B-E37AEAC897E8}.Release|x86.ActiveCfg = Release|Win32
		{59AB179C-CB7B-423B-887B-E37AEAC897E8}.Release|x86.Build.0 = Release|Win32
	EndGlobalSection
	GlobalSection(SolutionProperties) = preSolution
		HideSolutionNode = FALSE
	EndGlobalSection
	GlobalSection(NestedProjects) = preSolution
		{4911D530-4725-4DDB-921E-1AF6F10BEE65} = {B8E66790-B8F9-4F69-B9F3-4A9208D960C8}
		{F5C56CDC-C02F-457E-91D3-64BB3742CCC7} = {C208CE02-4808-44E2-9B68-3D464E1DB461}
		{422B1DF4-F1A4-4C64-BCDB-3F1BAAAAA768} = {B8E66790-B8F9-4F69-B9F3-4A9208D960C8}
		{0671CA3A-BCA1-4561-935F-0519C579F6B6} = {B8E66790-B8F9-4F69-B9F3-4A9208D960C8}
		{1D6E9C72-9B4E-4710-8FAB-6E6838A9F941} = {B8E66790-B8F9-4F69-B9F3-4A9208D960C8}
		{71871D15-6329-4067-8B48-0221D6F3A8A3} = {C208CE02-4808-44E2-9B68-3D464E1DB461}
		{4629E145-8C60-4DC7-910B-F58AE4FE408F} = {C208CE02-4808-44E2-9B68-3D464E1DB461}
		{084A165A-F743-4A3C-B017-D38A10A1522F} = {C208CE02-4808-44E2-9B68-3D464E1DB461}
		{717B0BBE-784D-46AF-AB99-E72B04DF5559} = {C208CE02-4808-44E2-9B68-3D464E1DB461}
		{3F9426FC-5677-4FFB-A83F-8FA7F70B078E} = {BDE0E0FC-A376-4D22-8ED5-2F598506C307}
		{01BFA3C7-31F8-48A0-A740-AF1F8154263E} = {C208CE02-4808-44E2-9B68-3D464E1DB461}
		{54BA0672-EEC7-4EFF-BA3C-76E3B5615646} = {B8E66790-B8F9-4F69-B9F3-4A9208D960C8}
		{9EA8F97E-DA22-4026-9CC8-C497B73B0B2E} = {1304AAE7-8633-4743-952A-24F181235AAA}
		{BABCB298-7567-45DC-9746-5F3A497FB66A} = {C208CE02-4808-44E2-9B68-3D464E1DB461}
		{BC64A43E-7A58-43E0-875F-79515AD971A9} = {C208CE02-4808-44E2-9B68-3D464E1DB461}
		{FF243870-C319-40CA-A4C7-D8F3461F0250} = {C208CE02-4808-44E2-9B68-3D464E1DB461}
		{8E71A5D6-74BC-4EC8-8421-195190377CD5} = {C208CE02-4808-44E2-9B68-3D464E1DB461}
		{C3B21A5D-2401-48B7-87F1-BD6499DA834C} = {C208CE02-4808-44E2-9B68-3D464E1DB461}
		{B0A69FDA-0D94-44A8-AD79-A700B5B6759A} = {C208CE02-4808-44E2-9B68-3D464E1DB461}
		{78EFD5D4-7409-4FA3-9626-18D5EF6B21D1} = {C208CE02-4808-44E2-9B68-3D464E1DB461}
		{4F150A30-CECB-49D1-8283-6A3F57438CF5} = {BDE0E0FC-A376-4D22-8ED5-2F598506C307}
		{DF2F6714-F4B3-4847-B4EB-7F448C2FC54B} = {B8E66790-B8F9-4F69-B9F3-4A9208D960C8}
		{7B63A1C4-BD56-445E-AC51-F6AE60EFCAE2} = {C208CE02-4808-44E2-9B68-3D464E1DB461}
		{033D57DB-F03F-4552-A7F1-28CDF95FFD78} = {B8E66790-B8F9-4F69-B9F3-4A9208D960C8}
		{59AB179C-CB7B-423B-887B-E37AEAC897E8} = {C208CE02-4808-44E2-9B68-3D464E1DB461}
	EndGlobalSection
	GlobalSection(ExtensibilityGlobals) = postSolution
		SolutionGuid = {12765CB4-00EE-462D-A4E0-30D740E45F58}
	EndGlobalSection
EndGlobal
