<?xml version="1.0" encoding="utf-8"?>
<Project ToolsVersion="4.0" xmlns="http://schemas.microsoft.com/developer/msbuild/2003">
  <ItemGroup>
    <Text Include="ReadMe.txt" />
  </ItemGroup>
  <ItemGroup>
    <Filter Include="Src">
      <UniqueIdentifier>{90c29af3-1e1b-4115-a971-f7bf3df1f42e}</UniqueIdentifier>
    </Filter>
    <Filter Include="Inc">
      <UniqueIdentifier>{e48480ea-e66d-402c-8689-82c7c76bd6fd}</UniqueIdentifier>
    </Filter>
  </ItemGroup>
  <ItemGroup>
    <ClInclude Include="Inc\Common.h">
      <Filter>Inc</Filter>
    </ClInclude>
    <ClInclude Include="Inc\Graphics.h">
      <Filter>Inc</Filter>
    </ClInclude>
    <ClInclude Include="Inc\GraphicsSystem.h">
      <Filter>Inc</Filter>
    </ClInclude>
    <ClInclude Include="Inc\MeshBuffer.h">
      <Filter>Inc</Filter>
    </ClInclude>
    <ClInclude Include="Inc\PixelShader.h">
      <Filter>Inc</Filter>
    </ClInclude>
    <ClInclude Include="Inc\VertexShader.h">
      <Filter>Inc</Filter>
    </ClInclude>
    <ClInclude Include="Inc\VertexTypes.h">
      <Filter>Inc</Filter>
    </ClInclude>
    <ClInclude Include="Src\Precompiled.h">
      <Filter>Src</Filter>
    </ClInclude>
    <ClInclude Include="Inc\Camera.h">
      <Filter>Inc</Filter>
    </ClInclude>
    <ClInclude Include="Inc\Transform.h">
      <Filter>Inc</Filter>
    </ClInclude>
    <ClInclude Include="Inc\ConstantBuffer.h">
      <Filter>Inc</Filter>
    </ClInclude>
    <ClInclude Include="Inc\SimpleDraw.h">
      <Filter>Inc</Filter>
    </ClInclude>
    <ClInclude Include="Inc\Texture.h" />
    <ClInclude Include="Inc\Sampler.h" />
    <ClInclude Include="Inc\MeshBuilder.h" />
    <ClInclude Include="Inc\Terrain.h" />
    <ClInclude Include="Inc\Mesh.h" />
    <ClInclude Include="Inc\AnimatedModel.h" />
    <ClInclude Include="Inc\Animation.h" />
    <ClInclude Include="Inc\AnimationClip.h" />
    <ClInclude Include="Inc\Bone.h" />
    <ClInclude Include="Inc\TextureManager.h" />
    <ClInclude Include="Inc\SkinnedMesh.h" />
    <ClInclude Include="Inc\RenderTargetMesh.h" />
    <ClInclude Include="Inc\RenderTarget.h" />
    <ClInclude Include="Inc\Model.h" />
    <ClInclude Include="Inc\Material.h" />
    <ClInclude Include="Inc\Light.h" />
    <ClInclude Include="Inc\HeightMap.h" />
    <ClInclude Include="Inc\Forward.h" />
    <ClInclude Include="Inc\DepthMap.h" />
  </ItemGroup>
  <ItemGroup>
    <ClCompile Include="Src\GraphicsSystem.cpp">
      <Filter>Src</Filter>
    </ClCompile>
    <ClCompile Include="Src\MeshBuffer.cpp">
      <Filter>Src</Filter>
    </ClCompile>
    <ClCompile Include="Src\PixelShader.cpp">
      <Filter>Src</Filter>
    </ClCompile>
    <ClCompile Include="Src\Precompiled.cpp">
      <Filter>Src</Filter>
    </ClCompile>
    <ClCompile Include="Src\VertexShader.cpp">
      <Filter>Src</Filter>
    </ClCompile>
    <ClCompile Include="Src\VertexTypes.cpp">
      <Filter>Src</Filter>
    </ClCompile>
    <ClCompile Include="Src\Transform.cpp">
      <Filter>Src</Filter>
    </ClCompile>
    <ClCompile Include="Src\Camera.cpp">
      <Filter>Src</Filter>
    </ClCompile>
    <ClCompile Include="Src\ConstantBuffer.cpp" />
    <ClCompile Include="Src\SimpleDraw.cpp">
      <Filter>Src</Filter>
    </ClCompile>
    <ClCompile Include="Src\Texture.cpp" />
    <ClCompile Include="Src\Sampler.cpp" />
    <ClCompile Include="Src\MeshBuilder.cpp" />
    <ClCompile Include="Src\Terrain.cpp" />
    <ClCompile Include="Src\Mesh.cpp" />
    <ClCompile Include="Src\AnimatedModel.cpp" />
    <ClCompile Include="Src\Animation.cpp" />
    <ClCompile Include="Src\AnimationClip.cpp" />
    <ClCompile Include="Src\DepthMap.cpp" />
    <ClCompile Include="Src\HeightMap.cpp" />
    <ClCompile Include="Src\Model.cpp" />
    <ClCompile Include="Src\RenderTarget.cpp" />
    <ClCompile Include="Src\RenderTargetMesh.cpp" />
    <ClCompile Include="Src\SkinnedMesh.cpp" />
    <ClCompile Include="Src\TextureManager.cpp" />
  </ItemGroup>
</Project>