
Microsoft Visual Studio Solution File, Format Version 12.00
# Visual Studio 15
VisualStudioVersion = 15.0.26430.16
MinimumVisualStudioVersion = 10.0.40219.1
Project("{8BC9CEB8-8B4A-11D0-8D11-00A0C91BC942}") = "X", "X\X.vcxproj", "{6682BFD4-C79F-49BD-A114-6EE8FB79E8C3}"
EndProject
Project("{2150E333-8FDC-42A3-9474-1A3956D46DE8}") = "Externals", "Externals", "{856ED680-E9A4-400F-ADFF-D3C492DCA608}"
EndProject
Project("{8BC9CEB8-8B4A-11D0-8D11-00A0C91BC942}") = "DirectXTK_Desktop_2017", "X\External\DirectXTK\DirectXTK_Desktop_2017.vcxproj", "{CDE5A2F9-D904-4B88-B6CA-2964E9B5DBC4}"
EndProject
Project("{8BC9CEB8-8B4A-11D0-8D11-00A0C91BC942}") = "ImGui", "X\External\ImGui\ImGui.vcxproj", "{BFF9C813-01AF-43B3-A23E-2C62F332B994}"
EndProject
Project("{2150E333-8FDC-42A3-9474-1A3956D46DE8}") = "App", "App", "{C8FC0663-CE8C-402C-9979-A8B1A44CC6D3}"
EndProject
Project("{8BC9CEB8-8B4A-11D0-8D11-00A0C91BC942}") = "AI", "AI\AI.vcxproj", "{AA906676-48A6-4436-9DEB-C996B7CEFAC4}"
EndProject
Project("{8BC9CEB8-8B4A-11D0-8D11-00A0C91BC942}") = "HelloX", "HelloX\HelloX.vcxproj", "{EB074DC3-2232-4CCD-9C3D-E0955441C726}"
EndProject
Project("{8BC9CEB8-8B4A-11D0-8D11-00A0C91BC942}") = "HelloPathFinding", "HelloPathFinding\HelloPathFinding.vcxproj", "{1207A795-780C-434E-8BB3-BCD622EA84C4}"
EndProject
Project("{8BC9CEB8-8B4A-11D0-8D11-00A0C91BC942}") = "HelloFSM", "HelloFSM\HelloFSM.vcxproj", "{6B71FBFA-2CFF-4F8F-A6A8-2AC410575D70}"
EndProject
Global
	GlobalSection(SolutionConfigurationPlatforms) = preSolution
		Debug|x64 = Debug|x64
		Debug|x86 = Debug|x86
		Release|x64 = Release|x64
		Release|x86 = Release|x86
	EndGlobalSection
	GlobalSection(ProjectConfigurationPlatforms) = postSolution
		{6682BFD4-C79F-49BD-A114-6EE8FB79E8C3}.Debug|x64.ActiveCfg = Debug|x64
		{6682BFD4-C79F-49BD-A114-6EE8FB79E8C3}.Debug|x64.Build.0 = Debug|x64
		{6682BFD4-C79F-49BD-A114-6EE8FB79E8C3}.Debug|x86.ActiveCfg = Debug|Win32
		{6682BFD4-C79F-49BD-A114-6EE8FB79E8C3}.Debug|x86.Build.0 = Debug|Win32
		{6682BFD4-C79F-49BD-A114-6EE8FB79E8C3}.Release|x64.ActiveCfg = Release|x64
		{6682BFD4-C79F-49BD-A114-6EE8FB79E8C3}.Release|x64.Build.0 = Release|x64
		{6682BFD4-C79F-49BD-A114-6EE8FB79E8C3}.Release|x86.ActiveCfg = Release|Win32
		{6682BFD4-C79F-49BD-A114-6EE8FB79E8C3}.Release|x86.Build.0 = Release|Win32
		{CDE5A2F9-D904-4B88-B6CA-2964E9B5DBC4}.Debug|x64.ActiveCfg = Debug|x64
		{CDE5A2F9-D904-4B88-B6CA-2964E9B5DBC4}.Debug|x64.Build.0 = Debug|x64
		{CDE5A2F9-D904-4B88-B6CA-2964E9B5DBC4}.Debug|x86.ActiveCfg = Debug|Win32
		{CDE5A2F9-D904-4B88-B6CA-2964E9B5DBC4}.Debug|x86.Build.0 = Debug|Win32
		{CDE5A2F9-D904-4B88-B6CA-2964E9B5DBC4}.Release|x64.ActiveCfg = Release|x64
		{CDE5A2F9-D904-4B88-B6CA-2964E9B5DBC4}.Release|x64.Build.0 = Release|x64
		{CDE5A2F9-D904-4B88-B6CA-2964E9B5DBC4}.Release|x86.ActiveCfg = Release|Win32
		{CDE5A2F9-D904-4B88-B6CA-2964E9B5DBC4}.Release|x86.Build.0 = Release|Win32
		{BFF9C813-01AF-43B3-A23E-2C62F332B994}.Debug|x64.ActiveCfg = Debug|x64
		{BFF9C813-01AF-43B3-A23E-2C62F332B994}.Debug|x64.Build.0 = Debug|x64
		{BFF9C813-01AF-43B3-A23E-2C62F332B994}.Debug|x86.ActiveCfg = Debug|Win32
		{BFF9C813-01AF-43B3-A23E-2C62F332B994}.Debug|x86.Build.0 = Debug|Win32
		{BFF9C813-01AF-43B3-A23E-2C62F332B994}.Release|x64.ActiveCfg = Release|x64
		{BFF9C813-01AF-43B3-A23E-2C62F332B994}.Release|x64.Build.0 = Release|x64
		{BFF9C813-01AF-43B3-A23E-2C62F332B994}.Release|x86.ActiveCfg = Release|Win32
		{BFF9C813-01AF-43B3-A23E-2C62F332B994}.Release|x86.Build.0 = Release|Win32
		{AA906676-48A6-4436-9DEB-C996B7CEFAC4}.Debug|x64.ActiveCfg = Debug|x64
		{AA906676-48A6-4436-9DEB-C996B7CEFAC4}.Debug|x64.Build.0 = Debug|x64
		{AA906676-48A6-4436-9DEB-C996B7CEFAC4}.Debug|x86.ActiveCfg = Debug|Win32
		{AA906676-48A6-4436-9DEB-C996B7CEFAC4}.Debug|x86.Build.0 = Debug|Win32
		{AA906676-48A6-4436-9DEB-C996B7CEFAC4}.Release|x64.ActiveCfg = Release|x64
		{AA906676-48A6-4436-9DEB-C996B7CEFAC4}.Release|x64.Build.0 = Release|x64
		{AA906676-48A6-4436-9DEB-C996B7CEFAC4}.Release|x86.ActiveCfg = Release|Win32
		{AA906676-48A6-4436-9DEB-C996B7CEFAC4}.Release|x86.Build.0 = Release|Win32
		{EB074DC3-2232-4CCD-9C3D-E0955441C726}.Debug|x64.ActiveCfg = Debug|x64
		{EB074DC3-2232-4CCD-9C3D-E0955441C726}.Debug|x64.Build.0 = Debug|x64
		{EB074DC3-2232-4CCD-9C3D-E0955441C726}.Debug|x86.ActiveCfg = Debug|Win32
		{EB074DC3-2232-4CCD-9C3D-E0955441C726}.Debug|x86.Build.0 = Debug|Win32
		{EB074DC3-2232-4CCD-9C3D-E0955441C726}.Release|x64.ActiveCfg = Release|x64
		{EB074DC3-2232-4CCD-9C3D-E0955441C726}.Release|x64.Build.0 = Release|x64
		{EB074DC3-2232-4CCD-9C3D-E0955441C726}.Release|x86.ActiveCfg = Release|Win32
		{EB074DC3-2232-4CCD-9C3D-E0955441C726}.Release|x86.Build.0 = Release|Win32
		{1207A795-780C-434E-8BB3-BCD622EA84C4}.Debug|x64.ActiveCfg = Debug|x64
		{1207A795-780C-434E-8BB3-BCD622EA84C4}.Debug|x64.Build.0 = Debug|x64
		{1207A795-780C-434E-8BB3-BCD622EA84C4}.Debug|x86.ActiveCfg = Debug|Win32
		{1207A795-780C-434E-8BB3-BCD622EA84C4}.Debug|x86.Build.0 = Debug|Win32
		{1207A795-780C-434E-8BB3-BCD622EA84C4}.Release|x64.ActiveCfg = Release|x64
		{1207A795-780C-434E-8BB3-BCD622EA84C4}.Release|x64.Build.0 = Release|x64
		{1207A795-780C-434E-8BB3-BCD622EA84C4}.Release|x86.ActiveCfg = Release|Win32
		{1207A795-780C-434E-8BB3-BCD622EA84C4}.Release|x86.Build.0 = Release|Win32
		{6B71FBFA-2CFF-4F8F-A6A8-2AC410575D70}.Debug|x64.ActiveCfg = Debug|x64
		{6B71FBFA-2CFF-4F8F-A6A8-2AC410575D70}.Debug|x64.Build.0 = Debug|x64
		{6B71FBFA-2CFF-4F8F-A6A8-2AC410575D70}.Debug|x86.ActiveCfg = Debug|Win32
		{6B71FBFA-2CFF-4F8F-A6A8-2AC410575D70}.Debug|x86.Build.0 = Debug|Win32
		{6B71FBFA-2CFF-4F8F-A6A8-2AC410575D70}.Release|x64.ActiveCfg = Release|x64
		{6B71FBFA-2CFF-4F8F-A6A8-2AC410575D70}.Release|x64.Build.0 = Release|x64
		{6B71FBFA-2CFF-4F8F-A6A8-2AC410575D70}.Release|x86.ActiveCfg = Release|Win32
		{6B71FBFA-2CFF-4F8F-A6A8-2AC410575D70}.Release|x86.Build.0 = Release|Win32
	EndGlobalSection
	GlobalSection(SolutionProperties) = preSolution
		HideSolutionNode = FALSE
	EndGlobalSection
	GlobalSection(NestedProjects) = preSolution
		{CDE5A2F9-D904-4B88-B6CA-2964E9B5DBC4} = {856ED680-E9A4-400F-ADFF-D3C492DCA608}
		{BFF9C813-01AF-43B3-A23E-2C62F332B994} = {856ED680-E9A4-400F-ADFF-D3C492DCA608}
		{EB074DC3-2232-4CCD-9C3D-E0955441C726} = {C8FC0663-CE8C-402C-9979-A8B1A44CC6D3}
		{1207A795-780C-434E-8BB3-BCD622EA84C4} = {C8FC0663-CE8C-402C-9979-A8B1A44CC6D3}
		{6B71FBFA-2CFF-4F8F-A6A8-2AC410575D70} = {C8FC0663-CE8C-402C-9979-A8B1A44CC6D3}
	EndGlobalSection
EndGlobal
