<?xml version="1.0" encoding="utf-8"?>
<Project ToolsVersion="4.0" xmlns="http://schemas.microsoft.com/developer/msbuild/2003">
  <ItemGroup>
    <ClInclude Include="Inc\Common.h" />
    <ClInclude Include="Inc\Graphics.h" />
    <ClInclude Include="Inc\GraphicsSystem.h" />
    <ClInclude Include="Src\Precompiled.h" />
    <ClInclude Include="Inc\Transform.h" />
    <ClInclude Include="Inc\MeshBuffer.h" />
    <ClInclude Include="Inc\PixelShader.h" />
    <ClInclude Include="Inc\VertexShader.h" />
    <ClInclude Include="Inc\VertexTypes.h" />
    <ClInclude Include="Inc\Camera.h" />
    <ClInclude Include="Inc\ConstantBuffer.h" />
    <ClInclude Include="Inc\SimpleDraw.h" />
    <ClInclude Include="Inc\Texture.h" />
    <ClInclude Include="Inc\Sampler.h" />
    <ClInclude Include="Inc\HeightMap.h" />
    <ClInclude Include="Inc\MeshBuilder.h" />
    <ClInclude Include="Inc\Mesh.h" />
    <ClInclude Include="Inc\Light.h" />
    <ClInclude Include="Inc\Material.h" />
    <ClInclude Include="Inc\RenderTarget.h" />
    <ClInclude Include="Inc\RenderTargetMesh.h" />
    <ClInclude Include="Inc\DepthMap.h" />
    <ClInclude Include="Inc\Model.h" />
    <ClInclude Include="Inc\TextureManager.h" />
    <ClInclude Include="Inc\Forward.h" />
    <ClInclude Include="Inc\Animation.h" />
    <ClInclude Include="Inc\Bone.h" />
    <ClInclude Include="Inc\SkinnedMesh.h" />
  </ItemGroup>
  <ItemGroup>
    <ClCompile Include="Src\GraphicsSystem.cpp" />
    <ClCompile Include="Src\Precompiled.cpp" />
    <ClCompile Include="Src\Transform.cpp" />
    <ClCompile Include="Src\MeshBuffer.cpp" />
    <ClCompile Include="Src\PixelShader.cpp" />
    <ClCompile Include="Src\VertexShader.cpp" />
    <ClCompile Include="Src\VertexTypes.cpp" />
    <ClCompile Include="Src\Camera.cpp" />
    <ClCompile Include="Src\ConstantBuffer.cpp" />
    <ClCompile Include="Src\SimpleDraw.cpp" />
    <ClCompile Include="Src\Texture.cpp" />
    <ClCompile Include="Src\Sampler.cpp" />
    <ClCompile Include="Src\HeightMap.cpp" />
    <ClCompile Include="Src\MeshBuilder.cpp" />
    <ClCompile Include="Src\Mesh.cpp" />
    <ClCompile Include="Src\RenderTarget.cpp" />
    <ClCompile Include="Src\RenderTargetMesh.cpp" />
    <ClCompile Include="Src\DepthMap.cpp" />
    <ClCompile Include="Src\Model.cpp" />
    <ClCompile Include="Src\TextureManager.cpp" />
    <ClCompile Include="Src\Animation.cpp" />
    <ClCompile Include="Src\SkinnedMesh.cpp" />
  </ItemGroup>
</Project>